
Microsoft Visual Studio Solution File, Format Version 12.00
# Visual Studio Version 17
VisualStudioVersion = 17.9.34622.214
MinimumVisualStudioVersion = 10.0.40219.1
Project("{FAE04EC0-301F-11D3-BF4B-00C04F79EFBC}") = "TaskManagerAPI", "TaskManagerAPI\TaskManagerAPI.csproj", "{A880C69C-DBB0-4955-94A9-E5D4791ADF56}"
EndProject
Global
	GlobalSection(SolutionConfigurationPlatforms) = preSolution
		Debug|Any CPU = Debug|Any CPU
		Release|Any CPU = Release|Any CPU
	EndGlobalSection
	GlobalSection(ProjectConfigurationPlatforms) = postSolution
		{A880C69C-DBB0-4955-94A9-E5D4791ADF56}.Debug|Any CPU.ActiveCfg = Debug|Any CPU
		{A880C69C-DBB0-4955-94A9-E5D4791ADF56}.Debug|Any CPU.Build.0 = Debug|Any CPU
		{A880C69C-DBB0-4955-94A9-E5D4791ADF56}.Release|Any CPU.ActiveCfg = Release|Any CPU
		{A880C69C-DBB0-4955-94A9-E5D4791ADF56}.Release|Any CPU.Build.0 = Release|Any CPU
	EndGlobalSection
	GlobalSection(SolutionProperties) = preSolution
		HideSolutionNode = FALSE
	EndGlobalSection
	GlobalSection(ExtensibilityGlobals) = postSolution
		SolutionGuid = {3498E276-80C3-48AD-81BA-13D23D986B6E}
	EndGlobalSection
EndGlobal
